
Microsoft Visual Studio Solution File, Format Version 12.00
# Visual Studio Version 17
VisualStudioVersion = 17.14.36717.8 d17.14
MinimumVisualStudioVersion = 10.0.40219.1
Project("{FAE04EC0-301F-11D3-BF4B-00C04F79EFBC}") = "CabinetMedical", "CabinetMedical.csproj", "{ACF9AE2C-00BC-4930-9A62-E409D261EC1F}"
EndProject
Global
	GlobalSection(SolutionConfigurationPlatforms) = preSolution
		Debug|Any CPU = Debug|Any CPU
		Release|Any CPU = Release|Any CPU
	EndGlobalSection
	GlobalSection(ProjectConfigurationPlatforms) = postSolution
		{ACF9AE2C-00BC-4930-9A62-E409D261EC1F}.Debug|Any CPU.ActiveCfg = Debug|Any CPU
		{ACF9AE2C-00BC-4930-9A62-E409D261EC1F}.Debug|Any CPU.Build.0 = Debug|Any CPU
		{ACF9AE2C-00BC-4930-9A62-E409D261EC1F}.Release|Any CPU.ActiveCfg = Release|Any CPU
		{ACF9AE2C-00BC-4930-9A62-E409D261EC1F}.Release|Any CPU.Build.0 = Release|Any CPU
	EndGlobalSection
	GlobalSection(SolutionProperties) = preSolution
		HideSolutionNode = FALSE
	EndGlobalSection
	GlobalSection(ExtensibilityGlobals) = postSolution
		SolutionGuid = {0756E806-4F9F-4EA3-8FA5-36B6CBC6B3CF}
	EndGlobalSection
EndGlobal
